
Microsoft Visual Studio Solution File, Format Version 12.00
# Visual Studio Version 17
VisualStudioVersion = 17.4.32916.344
MinimumVisualStudioVersion = 10.0.40219.1
Project("{FAE04EC0-301F-11D3-BF4B-00C04F79EFBC}") = "USCAssociation.RobotClient", "USCAssociation.RobotClient\USCAssociation.RobotClient.csproj", "{335F7F61-2FC5-477E-A4CE-8E7486C8CADC}"
EndProject
Global
	GlobalSection(SolutionConfigurationPlatforms) = preSolution
		Debug|Any CPU = Debug|Any CPU
		Release|Any CPU = Release|Any CPU
	EndGlobalSection
	GlobalSection(ProjectConfigurationPlatforms) = postSolution
		{335F7F61-2FC5-477E-A4CE-8E7486C8CADC}.Debug|Any CPU.ActiveCfg = Debug|Any CPU
		{335F7F61-2FC5-477E-A4CE-8E7486C8CADC}.Debug|Any CPU.Build.0 = Debug|Any CPU
		{335F7F61-2FC5-477E-A4CE-8E7486C8CADC}.Release|Any CPU.ActiveCfg = Release|Any CPU
		{335F7F61-2FC5-477E-A4CE-8E7486C8CADC}.Release|Any CPU.Build.0 = Release|Any CPU
	EndGlobalSection
	GlobalSection(SolutionProperties) = preSolution
		HideSolutionNode = FALSE
	EndGlobalSection
	GlobalSection(ExtensibilityGlobals) = postSolution
		SolutionGuid = {8E0C2EA5-5689-473E-941B-BA8BD1644EBF}
	EndGlobalSection
EndGlobal
